
Microsoft Visual Studio Solution File, Format Version 11.00
# Visual Studio 2010
Project("{FAE04EC0-301F-11D3-BF4B-00C04F79EFBC}") = "Eenova.App", "Eenova.App\Eenova.App.csproj", "{557D1E49-AA75-4001-8708-9611343692A4}"
EndProject
Project("{FAE04EC0-301F-11D3-BF4B-00C04F79EFBC}") = "Eenova.App.Web", "Eenova.App.Web\Eenova.App.Web.csproj", "{5635847A-4BE0-4BEA-8B7D-CF154BF6510F}"
EndProject
Project("{FAE04EC0-301F-11D3-BF4B-00C04F79EFBC}") = "Eenova.Chart", "Eenova.Chart\Eenova.Chart.csproj", "{8ABD1150-2323-4007-ABE6-E1CB7296141F}"
EndProject
Project("{FAE04EC0-301F-11D3-BF4B-00C04F79EFBC}") = "Eenova.Chart.Test", "Eenova.Chart.Test\Eenova.Chart.Test.csproj", "{9178230C-14BF-4493-ADFD-8556D75A6BC5}"
EndProject
Project("{FAE04EC0-301F-11D3-BF4B-00C04F79EFBC}") = "Extend", "..\SLColorPickerDemo\Extend\Extend.csproj", "{230E8199-9F2B-434F-AA64-AB8CD0513D5A}"
EndProject
Global
	GlobalSection(SolutionConfigurationPlatforms) = preSolution
		Debug|Any CPU = Debug|Any CPU
		Release|Any CPU = Release|Any CPU
	EndGlobalSection
	GlobalSection(ProjectConfigurationPlatforms) = postSolution
		{557D1E49-AA75-4001-8708-9611343692A4}.Debug|Any CPU.ActiveCfg = Debug|Any CPU
		{557D1E49-AA75-4001-8708-9611343692A4}.Debug|Any CPU.Build.0 = Debug|Any CPU
		{557D1E49-AA75-4001-8708-9611343692A4}.Release|Any CPU.ActiveCfg = Release|Any CPU
		{557D1E49-AA75-4001-8708-9611343692A4}.Release|Any CPU.Build.0 = Release|Any CPU
		{5635847A-4BE0-4BEA-8B7D-CF154BF6510F}.Debug|Any CPU.ActiveCfg = Debug|Any CPU
		{5635847A-4BE0-4BEA-8B7D-CF154BF6510F}.Debug|Any CPU.Build.0 = Debug|Any CPU
		{5635847A-4BE0-4BEA-8B7D-CF154BF6510F}.Release|Any CPU.ActiveCfg = Release|Any CPU
		{5635847A-4BE0-4BEA-8B7D-CF154BF6510F}.Release|Any CPU.Build.0 = Release|Any CPU
		{8ABD1150-2323-4007-ABE6-E1CB7296141F}.Debug|Any CPU.ActiveCfg = Debug|Any CPU
		{8ABD1150-2323-4007-ABE6-E1CB7296141F}.Debug|Any CPU.Build.0 = Debug|Any CPU
		{8ABD1150-2323-4007-ABE6-E1CB7296141F}.Release|Any CPU.ActiveCfg = Release|Any CPU
		{8ABD1150-2323-4007-ABE6-E1CB7296141F}.Release|Any CPU.Build.0 = Release|Any CPU
		{9178230C-14BF-4493-ADFD-8556D75A6BC5}.Debug|Any CPU.ActiveCfg = Debug|Any CPU
		{9178230C-14BF-4493-ADFD-8556D75A6BC5}.Debug|Any CPU.Build.0 = Debug|Any CPU
		{9178230C-14BF-4493-ADFD-8556D75A6BC5}.Release|Any CPU.ActiveCfg = Release|Any CPU
		{9178230C-14BF-4493-ADFD-8556D75A6BC5}.Release|Any CPU.Build.0 = Release|Any CPU
		{230E8199-9F2B-434F-AA64-AB8CD0513D5A}.Debug|Any CPU.ActiveCfg = Debug|Any CPU
		{230E8199-9F2B-434F-AA64-AB8CD0513D5A}.Debug|Any CPU.Build.0 = Debug|Any CPU
		{230E8199-9F2B-434F-AA64-AB8CD0513D5A}.Release|Any CPU.ActiveCfg = Release|Any CPU
		{230E8199-9F2B-434F-AA64-AB8CD0513D5A}.Release|Any CPU.Build.0 = Release|Any CPU
	EndGlobalSection
	GlobalSection(SolutionProperties) = preSolution
		HideSolutionNode = FALSE
	EndGlobalSection
EndGlobal
